
Microsoft Visual Studio Solution File, Format Version 12.00
# Visual Studio 15
VisualStudioVersion = 15.0.28307.1300
MinimumVisualStudioVersion = 10.0.40219.1
Project("{FAE04EC0-301F-11D3-BF4B-00C04F79EFBC}") = "ClentReservasi-105", "ClentReservasi-105\ClentReservasi-105.csproj", "{3296D481-CCEC-4E59-B8D8-64D8BC984A69}"
EndProject
Global
	GlobalSection(SolutionConfigurationPlatforms) = preSolution
		Debug|Any CPU = Debug|Any CPU
		Release|Any CPU = Release|Any CPU
	EndGlobalSection
	GlobalSection(ProjectConfigurationPlatforms) = postSolution
		{3296D481-CCEC-4E59-B8D8-64D8BC984A69}.Debug|Any CPU.ActiveCfg = Debug|Any CPU
		{3296D481-CCEC-4E59-B8D8-64D8BC984A69}.Debug|Any CPU.Build.0 = Debug|Any CPU
		{3296D481-CCEC-4E59-B8D8-64D8BC984A69}.Release|Any CPU.ActiveCfg = Release|Any CPU
		{3296D481-CCEC-4E59-B8D8-64D8BC984A69}.Release|Any CPU.Build.0 = Release|Any CPU
	EndGlobalSection
	GlobalSection(SolutionProperties) = preSolution
		HideSolutionNode = FALSE
	EndGlobalSection
	GlobalSection(ExtensibilityGlobals) = postSolution
		SolutionGuid = {881978F5-24E3-4835-A059-522280A35A83}
	EndGlobalSection
EndGlobal
